
Microsoft Visual Studio Solution File, Format Version 12.00
# Visual Studio Version 17
VisualStudioVersion = 17.14.36221.1 d17.14
MinimumVisualStudioVersion = 10.0.40219.1
Project("{FAE04EC0-301F-11D3-BF4B-00C04F79EFBC}") = "Pathfinder", "Pathfinder\Pathfinder.csproj", "{8D1E5410-27E1-48A5-8530-9289B43DEFB4}"
EndProject
Project("{FAE04EC0-301F-11D3-BF4B-00C04F79EFBC}") = "Test", "Test\Test.csproj", "{7DEEF1A5-61AC-4770-9DEC-BC6A07E36255}"
EndProject
Global
	GlobalSection(SolutionConfigurationPlatforms) = preSolution
		Debug|Any CPU = Debug|Any CPU
		Release|Any CPU = Release|Any CPU
	EndGlobalSection
	GlobalSection(ProjectConfigurationPlatforms) = postSolution
		{8D1E5410-27E1-48A5-8530-9289B43DEFB4}.Debug|Any CPU.ActiveCfg = Debug|Any CPU
		{8D1E5410-27E1-48A5-8530-9289B43DEFB4}.Debug|Any CPU.Build.0 = Debug|Any CPU
		{8D1E5410-27E1-48A5-8530-9289B43DEFB4}.Release|Any CPU.ActiveCfg = Release|Any CPU
		{8D1E5410-27E1-48A5-8530-9289B43DEFB4}.Release|Any CPU.Build.0 = Release|Any CPU
		{7DEEF1A5-61AC-4770-9DEC-BC6A07E36255}.Debug|Any CPU.ActiveCfg = Debug|Any CPU
		{7DEEF1A5-61AC-4770-9DEC-BC6A07E36255}.Debug|Any CPU.Build.0 = Debug|Any CPU
		{7DEEF1A5-61AC-4770-9DEC-BC6A07E36255}.Release|Any CPU.ActiveCfg = Release|Any CPU
		{7DEEF1A5-61AC-4770-9DEC-BC6A07E36255}.Release|Any CPU.Build.0 = Release|Any CPU
	EndGlobalSection
	GlobalSection(SolutionProperties) = preSolution
		HideSolutionNode = FALSE
	EndGlobalSection
	GlobalSection(ExtensibilityGlobals) = postSolution
		SolutionGuid = {81000EE5-798B-444D-86C6-2F7CC3F09A5E}
	EndGlobalSection
EndGlobal
